
Microsoft Visual Studio Solution File, Format Version 12.00
# Visual Studio Version 18
VisualStudioVersion = 18.0.11205.157
MinimumVisualStudioVersion = 10.0.40219.1
Project("{2150E333-8FDC-42A3-9474-1A3956D46DE8}") = "Solution Items", "Solution Items", "{9C402010-142B-47AF-A7A6-67F862515D7A}"
	ProjectSection(SolutionItems) = preProject
		.editorconfig = .editorconfig
		..\.gitattributes = ..\.gitattributes
		..\.gitignore = ..\.gitignore
		Directory.Build.props = Directory.Build.props
		Directory.Packages.props = Directory.Packages.props
	EndProjectSection
EndProject
Project("{FAE04EC0-301F-11D3-BF4B-00C04F79EFBC}") = "Teqniqly.Arbiter.Core", "Teqniqly.Arbiter.Core\Teqniqly.Arbiter.Core.csproj", "{EF1F1123-80BB-49C5-91F7-70F5FE135B8D}"
EndProject
Project("{FAE04EC0-301F-11D3-BF4B-00C04F79EFBC}") = "Teqniqly.Arbiter.Core.Tests", "Teqniqly.Arbiter.Core.Tests\Teqniqly.Arbiter.Core.Tests.csproj", "{AC35622B-7C75-4602-BA1F-99CEB128A60D}"
EndProject
Project("{FAE04EC0-301F-11D3-BF4B-00C04F79EFBC}") = "Teqniqly.Arbiter.Core.Tests.Queries", "Teqniqly.Arbiter.Core.Tests.Queries\Teqniqly.Arbiter.Core.Tests.Queries.csproj", "{5872E65F-23CD-4C85-A64F-9C1CE39A4109}"
EndProject
Project("{FAE04EC0-301F-11D3-BF4B-00C04F79EFBC}") = "Teqniqly.Arbiter.Core.Tests.Commands", "Teqniqly.Arbiter.Core.Tests.Commands\Teqniqly.Arbiter.Core.Tests.Commands.csproj", "{CD22D890-80C7-45D0-9F92-9CFE40A27F3D}"
EndProject
Project("{FAE04EC0-301F-11D3-BF4B-00C04F79EFBC}") = "Teqniqly.Arbiter.Core.Tests.Notifications", "Teqniqly.Arbiter.Core.Tests.Notifications\Teqniqly.Arbiter.Core.Tests.Notifications.csproj", "{6716F690-02EE-4152-BE3A-C463CA70316F}"
EndProject
Project("{FAE04EC0-301F-11D3-BF4B-00C04F79EFBC}") = "Teqniqly.Arbiter.Core.Benchmarks", "Teqniqly.Arbiter.Core.Benchmarks\Teqniqly.Arbiter.Core.Benchmarks.csproj", "{4C5E359D-1BAB-492B-887F-3185CB5920D2}"
EndProject
Global
	GlobalSection(SolutionConfigurationPlatforms) = preSolution
		Debug|Any CPU = Debug|Any CPU
		Release|Any CPU = Release|Any CPU
	EndGlobalSection
	GlobalSection(ProjectConfigurationPlatforms) = postSolution
		{EF1F1123-80BB-49C5-91F7-70F5FE135B8D}.Debug|Any CPU.ActiveCfg = Debug|Any CPU
		{EF1F1123-80BB-49C5-91F7-70F5FE135B8D}.Debug|Any CPU.Build.0 = Debug|Any CPU
		{EF1F1123-80BB-49C5-91F7-70F5FE135B8D}.Release|Any CPU.ActiveCfg = Release|Any CPU
		{EF1F1123-80BB-49C5-91F7-70F5FE135B8D}.Release|Any CPU.Build.0 = Release|Any CPU
		{AC35622B-7C75-4602-BA1F-99CEB128A60D}.Debug|Any CPU.ActiveCfg = Debug|Any CPU
		{AC35622B-7C75-4602-BA1F-99CEB128A60D}.Debug|Any CPU.Build.0 = Debug|Any CPU
		{AC35622B-7C75-4602-BA1F-99CEB128A60D}.Release|Any CPU.ActiveCfg = Release|Any CPU
		{AC35622B-7C75-4602-BA1F-99CEB128A60D}.Release|Any CPU.Build.0 = Release|Any CPU
		{5872E65F-23CD-4C85-A64F-9C1CE39A4109}.Debug|Any CPU.ActiveCfg = Debug|Any CPU
		{5872E65F-23CD-4C85-A64F-9C1CE39A4109}.Debug|Any CPU.Build.0 = Debug|Any CPU
		{5872E65F-23CD-4C85-A64F-9C1CE39A4109}.Release|Any CPU.ActiveCfg = Release|Any CPU
		{5872E65F-23CD-4C85-A64F-9C1CE39A4109}.Release|Any CPU.Build.0 = Release|Any CPU
		{CD22D890-80C7-45D0-9F92-9CFE40A27F3D}.Debug|Any CPU.ActiveCfg = Debug|Any CPU
		{CD22D890-80C7-45D0-9F92-9CFE40A27F3D}.Debug|Any CPU.Build.0 = Debug|Any CPU
		{CD22D890-80C7-45D0-9F92-9CFE40A27F3D}.Release|Any CPU.ActiveCfg = Release|Any CPU
		{CD22D890-80C7-45D0-9F92-9CFE40A27F3D}.Release|Any CPU.Build.0 = Release|Any CPU
		{6716F690-02EE-4152-BE3A-C463CA70316F}.Debug|Any CPU.ActiveCfg = Debug|Any CPU
		{6716F690-02EE-4152-BE3A-C463CA70316F}.Debug|Any CPU.Build.0 = Debug|Any CPU
		{6716F690-02EE-4152-BE3A-C463CA70316F}.Release|Any CPU.ActiveCfg = Release|Any CPU
		{6716F690-02EE-4152-BE3A-C463CA70316F}.Release|Any CPU.Build.0 = Release|Any CPU
		{4C5E359D-1BAB-492B-887F-3185CB5920D2}.Debug|Any CPU.ActiveCfg = Debug|Any CPU
		{4C5E359D-1BAB-492B-887F-3185CB5920D2}.Debug|Any CPU.Build.0 = Debug|Any CPU
		{4C5E359D-1BAB-492B-887F-3185CB5920D2}.Release|Any CPU.ActiveCfg = Release|Any CPU
		{4C5E359D-1BAB-492B-887F-3185CB5920D2}.Release|Any CPU.Build.0 = Release|Any CPU
	EndGlobalSection
	GlobalSection(SolutionProperties) = preSolution
		HideSolutionNode = FALSE
	EndGlobalSection
	GlobalSection(NestedProjects) = preSolution
		{4C5E359D-1BAB-492B-887F-3185CB5920D2} = {9C402010-142B-47AF-A7A6-67F862515D7A}
	EndGlobalSection
	GlobalSection(ExtensibilityGlobals) = postSolution
		SolutionGuid = {9DFE7BA0-C4F3-46E7-B705-932CBA8B2DC6}
	EndGlobalSection
EndGlobal
